
Microsoft Visual Studio Solution File, Format Version 12.00
# Visual Studio Version 17
VisualStudioVersion = 17.10.35122.118
MinimumVisualStudioVersion = 10.0.40219.1
Project("{FAE04EC0-301F-11D3-BF4B-00C04F79EFBC}") = "Doodle_Jump", "Doodle_Jump.csproj", "{840C7826-9CF6-4367-8861-3F1AA74859E8}"
EndProject
Global
	GlobalSection(SolutionConfigurationPlatforms) = preSolution
		Debug|Any CPU = Debug|Any CPU
		Release|Any CPU = Release|Any CPU
	EndGlobalSection
	GlobalSection(ProjectConfigurationPlatforms) = postSolution
		{840C7826-9CF6-4367-8861-3F1AA74859E8}.Debug|Any CPU.ActiveCfg = Debug|Any CPU
		{840C7826-9CF6-4367-8861-3F1AA74859E8}.Debug|Any CPU.Build.0 = Debug|Any CPU
		{840C7826-9CF6-4367-8861-3F1AA74859E8}.Release|Any CPU.ActiveCfg = Release|Any CPU
		{840C7826-9CF6-4367-8861-3F1AA74859E8}.Release|Any CPU.Build.0 = Release|Any CPU
	EndGlobalSection
	GlobalSection(SolutionProperties) = preSolution
		HideSolutionNode = FALSE
	EndGlobalSection
	GlobalSection(ExtensibilityGlobals) = postSolution
		SolutionGuid = {25DB108B-D6D4-41F0-8CDB-3C6023E62608}
	EndGlobalSection
EndGlobal
